dependencies:
  espressif/cmake_utilities:
    component_hash: 351350613ceafba240b761b4ea991e0f231ac7a9f59a9ee901f751bddc0bb18f
    dependencies:
    - name: idf
      registry_url: https://components.espressif.com
      require: private
      version: '>=4.1'
    source:
      registry_url: https://components.espressif.com
      type: service
    version: 0.5.3
  espressif/esp_lcd_st77922:
    component_hash: 7e20e9eda5d6d22b1341b630f5bb6610c8bfb395380f07878c82eaf00828eab7
    dependencies:
    - name: espressif/cmake_utilities
      registry_url: https://components.espressif.com
      require: private
      version: 0.*
    - name: idf
      require: private
      version: '>5.0.4,!=5.1.1'
    source:
      registry_url: https://components.espressif.com/
      type: service
    version: 1.0.5
  idf:
    source:
      type: idf
    version: 5.3.1
  lvgl/lvgl:
    component_hash: d7c1ac037ae6e85d94897f807d6e7ba0946a83e720074fc95a4f6241da9f9f53
    dependencies: []
    source:
      registry_url: https://components.espressif.com/
      type: service
    version: 8.4.0
direct_dependencies:
- espressif/esp_lcd_st77922
- idf
- lvgl/lvgl
manifest_hash: a5ea06450d21ff1d1b141dcb4da705bcf4ca8d05a1230ee2827619a5ff338b97
target: esp32s3
version: 2.0.0
